// !$*UTF8*$!
{
	archiveVersion = 1;
	classes = {
	};
	objectVersion = 55;
	objects = {

/* Begin PBXBuildFile section */
		C378EFCB27D63D7C002940F4 /* LocationManager.swift in Sources */ = {isa = PBXBuildFile; fileRef = C378EFCA27D63D7C002940F4 /* LocationManager.swift */; };
		C387C2C227D64A7900398DF0 /* DEBUG.swift in Sources */ = {isa = PBXBuildFile; fileRef = C387C2C127D64A7900398DF0 /* DEBUG.swift */; };
		C3B7D26A27D39EE500D14CF2 /* X_IdleFishApp.swift in Sources */ = {isa = PBXBuildFile; fileRef = C3B7D26927D39EE500D14CF2 /* X_IdleFishApp.swift */; };
		C3B7D26C27D39EE500D14CF2 /* ContentView.swift in Sources */ = {isa = PBXBuildFile; fileRef = C3B7D26B27D39EE500D14CF2 /* ContentView.swift */; };
		C3B7D26E27D39EE600D14CF2 /* Assets.xcassets in Resources */ = {isa = PBXBuildFile; fileRef = C3B7D26D27D39EE600D14CF2 /* Assets.xcassets */; };
		C3B7D27127D39EE600D14CF2 /* Preview Assets.xcassets in Resources */ = {isa = PBXBuildFile; fileRef = C3B7D27027D39EE600D14CF2 /* Preview Assets.xcassets */; };
		C3B7D27927D3A15E00D14CF2 /* CustomTabBarView.swift in Sources */ = {isa = PBXBuildFile; fileRef = C3B7D27827D3A15E00D14CF2 /* CustomTabBarView.swift */; };
		C3B7D27E27D4719D00D14CF2 /* hud_wait.gif in Resources */ = {isa = PBXBuildFile; fileRef = C3B7D27B27D4719D00D14CF2 /* hud_wait.gif */; };
		C3B7D27F27D4719D00D14CF2 /* home_sign.gif in Resources */ = {isa = PBXBuildFile; fileRef = C3B7D27C27D4719D00D14CF2 /* home_sign.gif */; };
		C3B7D28027D4719D00D14CF2 /* tabbar_animation.gif in Resources */ = {isa = PBXBuildFile; fileRef = C3B7D27D27D4719D00D14CF2 /* tabbar_animation.gif */; };
		C3BA43B027D47A0100AEB745 /* SDWebImageSwiftUI in Frameworks */ = {isa = PBXBuildFile; productRef = C3BA43AF27D47A0100AEB745 /* SDWebImageSwiftUI */; };
		C3BA43B727D4D19600AEB745 /* HomeView.swift in Sources */ = {isa = PBXBuildFile; fileRef = C3BA43B627D4D19600AEB745 /* HomeView.swift */; };
		C3BA43B927D4D1BF00AEB745 /* NicePlayView.swift in Sources */ = {isa = PBXBuildFile; fileRef = C3BA43B827D4D1BF00AEB745 /* NicePlayView.swift */; };
		C3BA43BB27D4D1D200AEB745 /* MessageView.swift in Sources */ = {isa = PBXBuildFile; fileRef = C3BA43BA27D4D1D200AEB745 /* MessageView.swift */; };
		C3BA43BD27D4D1E300AEB745 /* MineView.swift in Sources */ = {isa = PBXBuildFile; fileRef = C3BA43BC27D4D1E300AEB745 /* MineView.swift */; };
		C3DC22FF27D5F966005412D8 /* HomeNavView.swift in Sources */ = {isa = PBXBuildFile; fileRef = C3DC22FE27D5F966005412D8 /* HomeNavView.swift */; };
		C3DC230227D5FE6C005412D8 /* HomeViewModel.swift in Sources */ = {isa = PBXBuildFile; fileRef = C3DC230127D5FE6C005412D8 /* HomeViewModel.swift */; };
		C3ED6A9927D8D41D003B9C97 /* HomeSearcHotKeywordView.swift in Sources */ = {isa = PBXBuildFile; fileRef = C3ED6A9827D8D41D003B9C97 /* HomeSearcHotKeywordView.swift */; };
		C3EE405227E0B90600B73A3B /* CustomTabBarViewModel.swift in Sources */ = {isa = PBXBuildFile; fileRef = C3EE405127E0B90600B73A3B /* CustomTabBarViewModel.swift */; };
		C3EE405527E0BC2C00B73A3B /* SearchResultView.swift in Sources */ = {isa = PBXBuildFile; fileRef = C3EE405427E0BC2C00B73A3B /* SearchResultView.swift */; };
/* End PBXBuildFile section */

/* Begin PBXFileReference section */
		C307C74B27D6DAB20008E5A8 /* China-JiaXing.gpx */ = {isa = PBXFileReference; lastKnownFileType = text.xml; path = "China-JiaXing.gpx"; sourceTree = "<group>"; };
		C378EFCA27D63D7C002940F4 /* LocationManager.swift */ = {isa = PBXFileReference; lastKnownFileType = sourcecode.swift; path = LocationManager.swift; sourceTree = "<group>"; };
		C387C2C027D647C800398DF0 /* Info.plist */ = {isa = PBXFileReference; lastKnownFileType = text.plist; path = Info.plist; sourceTree = "<group>"; };
		C387C2C127D64A7900398DF0 /* DEBUG.swift */ = {isa = PBXFileReference; lastKnownFileType = sourcecode.swift; path = DEBUG.swift; sourceTree = "<group>"; };
		C3B7D26627D39EE500D14CF2 /* X-IdleFish.app */ = {isa = PBXFileReference; explicitFileType = wrapper.application; includeInIndex = 0; path = "X-IdleFish.app"; sourceTree = BUILT_PRODUCTS_DIR; };
		C3B7D26927D39EE500D14CF2 /* X_IdleFishApp.swift */ = {isa = PBXFileReference; lastKnownFileType = sourcecode.swift; path = X_IdleFishApp.swift; sourceTree = "<group>"; };
		C3B7D26B27D39EE500D14CF2 /* ContentView.swift */ = {isa = PBXFileReference; lastKnownFileType = sourcecode.swift; path = ContentView.swift; sourceTree = "<group>"; };
		C3B7D26D27D39EE600D14CF2 /* Assets.xcassets */ = {isa = PBXFileReference; lastKnownFileType = folder.assetcatalog; path = Assets.xcassets; sourceTree = "<group>"; };
		C3B7D27027D39EE600D14CF2 /* Preview Assets.xcassets */ = {isa = PBXFileReference; lastKnownFileType = folder.assetcatalog; path = "Preview Assets.xcassets"; sourceTree = "<group>"; };
		C3B7D27827D3A15E00D14CF2 /* CustomTabBarView.swift */ = {isa = PBXFileReference; lastKnownFileType = sourcecode.swift; path = CustomTabBarView.swift; sourceTree = "<group>"; };
		C3B7D27B27D4719D00D14CF2 /* hud_wait.gif */ = {isa = PBXFileReference; lastKnownFileType = image.gif; path = hud_wait.gif; sourceTree = "<group>"; };
		C3B7D27C27D4719D00D14CF2 /* home_sign.gif */ = {isa = PBXFileReference; lastKnownFileType = image.gif; path = home_sign.gif; sourceTree = "<group>"; };
		C3B7D27D27D4719D00D14CF2 /* tabbar_animation.gif */ = {isa = PBXFileReference; lastKnownFileType = image.gif; path = tabbar_animation.gif; sourceTree = "<group>"; };
		C3BA43B627D4D19600AEB745 /* HomeView.swift */ = {isa = PBXFileReference; lastKnownFileType = sourcecode.swift; path = HomeView.swift; sourceTree = "<group>"; };
		C3BA43B827D4D1BF00AEB745 /* NicePlayView.swift */ = {isa = PBXFileReference; lastKnownFileType = sourcecode.swift; path = NicePlayView.swift; sourceTree = "<group>"; };
		C3BA43BA27D4D1D200AEB745 /* MessageView.swift */ = {isa = PBXFileReference; lastKnownFileType = sourcecode.swift; path = MessageView.swift; sourceTree = "<group>"; };
		C3BA43BC27D4D1E300AEB745 /* MineView.swift */ = {isa = PBXFileReference; lastKnownFileType = sourcecode.swift; path = MineView.swift; sourceTree = "<group>"; };
		C3DC22FE27D5F966005412D8 /* HomeNavView.swift */ = {isa = PBXFileReference; lastKnownFileType = sourcecode.swift; path = HomeNavView.swift; sourceTree = "<group>"; };
		C3DC230127D5FE6C005412D8 /* HomeViewModel.swift */ = {isa = PBXFileReference; lastKnownFileType = sourcecode.swift; path = HomeViewModel.swift; sourceTree = "<group>"; };
		C3ED6A9827D8D41D003B9C97 /* HomeSearcHotKeywordView.swift */ = {isa = PBXFileReference; lastKnownFileType = sourcecode.swift; path = HomeSearcHotKeywordView.swift; sourceTree = "<group>"; };
		C3EE405127E0B90600B73A3B /* CustomTabBarViewModel.swift */ = {isa = PBXFileReference; lastKnownFileType = sourcecode.swift; path = CustomTabBarViewModel.swift; sourceTree = "<group>"; };
		C3EE405427E0BC2C00B73A3B /* SearchResultView.swift */ = {isa = PBXFileReference; lastKnownFileType = sourcecode.swift; path = SearchResultView.swift; sourceTree = "<group>"; };
/* End PBXFileReference section */

/* Begin PBXFrameworksBuildPhase section */
		C3B7D26327D39EE500D14CF2 /* Frameworks */ = {
			isa = PBXFrameworksBuildPhase;
			buildActionMask = 2147483647;
			files = (
				C3BA43B027D47A0100AEB745 /* SDWebImageSwiftUI in Frameworks */,
			);
			runOnlyForDeploymentPostprocessing = 0;
		};
/* End PBXFrameworksBuildPhase section */

/* Begin PBXGroup section */
		C378EFC927D63D56002940F4 /* Library */ = {
			isa = PBXGroup;
			children = (
				C378EFCA27D63D7C002940F4 /* LocationManager.swift */,
				C307C74B27D6DAB20008E5A8 /* China-JiaXing.gpx */,
				C387C2C127D64A7900398DF0 /* DEBUG.swift */,
			);
			path = Library;
			sourceTree = "<group>";
		};
		C3B7D25D27D39EE500D14CF2 = {
			isa = PBXGroup;
			children = (
				C3B7D26827D39EE500D14CF2 /* X-IdleFish */,
				C3B7D26727D39EE500D14CF2 /* Products */,
			);
			sourceTree = "<group>";
		};
		C3B7D26727D39EE500D14CF2 /* Products */ = {
			isa = PBXGroup;
			children = (
				C3B7D26627D39EE500D14CF2 /* X-IdleFish.app */,
			);
			name = Products;
			sourceTree = "<group>";
		};
		C3B7D26827D39EE500D14CF2 /* X-IdleFish */ = {
			isa = PBXGroup;
			children = (
				C387C2C027D647C800398DF0 /* Info.plist */,
				C378EFC927D63D56002940F4 /* Library */,
				C3BA43B127D4D14500AEB745 /* Classes */,
				C3B7D26927D39EE500D14CF2 /* X_IdleFishApp.swift */,
				C3B7D26B27D39EE500D14CF2 /* ContentView.swift */,
				C3B7D27A27D4719D00D14CF2 /* RESOURCE */,
				C3B7D26D27D39EE600D14CF2 /* Assets.xcassets */,
				C3B7D26F27D39EE600D14CF2 /* Preview Content */,
			);
			path = "X-IdleFish";
			sourceTree = "<group>";
		};
		C3B7D26F27D39EE600D14CF2 /* Preview Content */ = {
			isa = PBXGroup;
			children = (
				C3B7D27027D39EE600D14CF2 /* Preview Assets.xcassets */,
			);
			path = "Preview Content";
			sourceTree = "<group>";
		};
		C3B7D27727D3A10A00D14CF2 /* CustomTabBar */ = {
			isa = PBXGroup;
			children = (
				C3EE405027E0B8BE00B73A3B /* ViewModel */,
				C3B7D27827D3A15E00D14CF2 /* CustomTabBarView.swift */,
			);
			path = CustomTabBar;
			sourceTree = "<group>";
		};
		C3B7D27A27D4719D00D14CF2 /* RESOURCE */ = {
			isa = PBXGroup;
			children = (
				C3B7D27B27D4719D00D14CF2 /* hud_wait.gif */,
				C3B7D27C27D4719D00D14CF2 /* home_sign.gif */,
				C3B7D27D27D4719D00D14CF2 /* tabbar_animation.gif */,
			);
			path = RESOURCE;
			sourceTree = "<group>";
		};
		C3BA43B127D4D14500AEB745 /* Classes */ = {
			isa = PBXGroup;
			children = (
				C3EE405327E0BC0500B73A3B /* SearchResult */,
				C3B7D27727D3A10A00D14CF2 /* CustomTabBar */,
				C3BA43B527D4D18100AEB745 /* Home */,
				C3BA43B427D4D17700AEB745 /* NicePlay */,
				C3BA43B327D4D16D00AEB745 /* Message */,
				C3BA43B227D4D16300AEB745 /* Mine */,
			);
			path = Classes;
			sourceTree = "<group>";
		};
		C3BA43B227D4D16300AEB745 /* Mine */ = {
			isa = PBXGroup;
			children = (
				C3BA43BC27D4D1E300AEB745 /* MineView.swift */,
			);
			path = Mine;
			sourceTree = "<group>";
		};
		C3BA43B327D4D16D00AEB745 /* Message */ = {
			isa = PBXGroup;
			children = (
				C3BA43BA27D4D1D200AEB745 /* MessageView.swift */,
			);
			path = Message;
			sourceTree = "<group>";
		};
		C3BA43B427D4D17700AEB745 /* NicePlay */ = {
			isa = PBXGroup;
			children = (
				C3BA43B827D4D1BF00AEB745 /* NicePlayView.swift */,
			);
			path = NicePlay;
			sourceTree = "<group>";
		};
		C3BA43B527D4D18100AEB745 /* Home */ = {
			isa = PBXGroup;
			children = (
				C3DC230027D5FE45005412D8 /* ViewModel */,
				C3BA43B627D4D19600AEB745 /* HomeView.swift */,
				C3ED6A9827D8D41D003B9C97 /* HomeSearcHotKeywordView.swift */,
				C3DC22FE27D5F966005412D8 /* HomeNavView.swift */,
			);
			path = Home;
			sourceTree = "<group>";
		};
		C3DC230027D5FE45005412D8 /* ViewModel */ = {
			isa = PBXGroup;
			children = (
				C3DC230127D5FE6C005412D8 /* HomeViewModel.swift */,
			);
			path = ViewModel;
			sourceTree = "<group>";
		};
		C3EE405027E0B8BE00B73A3B /* ViewModel */ = {
			isa = PBXGroup;
			children = (
				C3EE405127E0B90600B73A3B /* CustomTabBarViewModel.swift */,
			);
			path = ViewModel;
			sourceTree = "<group>";
		};
		C3EE405327E0BC0500B73A3B /* SearchResult */ = {
			isa = PBXGroup;
			children = (
				C3EE405427E0BC2C00B73A3B /* SearchResultView.swift */,
			);
			path = SearchResult;
			sourceTree = "<group>";
		};
/* End PBXGroup section */

/* Begin PBXNativeTarget section */
		C3B7D26527D39EE500D14CF2 /* X-IdleFish */ = {
			isa = PBXNativeTarget;
			buildConfigurationList = C3B7D27427D39EE600D14CF2 /* Build configuration list for PBXNativeTarget "X-IdleFish" */;
			buildPhases = (
				C3B7D26227D39EE500D14CF2 /* Sources */,
				C3B7D26327D39EE500D14CF2 /* Frameworks */,
				C3B7D26427D39EE500D14CF2 /* Resources */,
			);
			buildRules = (
			);
			dependencies = (
			);
			name = "X-IdleFish";
			packageProductDependencies = (
				C3BA43AF27D47A0100AEB745 /* SDWebImageSwiftUI */,
			);
			productName = "X-IdleFish";
			productReference = C3B7D26627D39EE500D14CF2 /* X-IdleFish.app */;
			productType = "com.apple.product-type.application";
		};
/* End PBXNativeTarget section */

/* Begin PBXProject section */
		C3B7D25E27D39EE500D14CF2 /* Project object */ = {
			isa = PBXProject;
			attributes = {
				BuildIndependentTargetsInParallel = 1;
				LastSwiftUpdateCheck = 1320;
				LastUpgradeCheck = 1320;
				TargetAttributes = {
					C3B7D26527D39EE500D14CF2 = {
						CreatedOnToolsVersion = 13.2;
					};
				};
			};
			buildConfigurationList = C3B7D26127D39EE500D14CF2 /* Build configuration list for PBXProject "X-IdleFish" */;
			compatibilityVersion = "Xcode 13.0";
			developmentRegion = en;
			hasScannedForEncodings = 0;
			knownRegions = (
				en,
				Base,
			);
			mainGroup = C3B7D25D27D39EE500D14CF2;
			packageReferences = (
				C3BA43AE27D47A0000AEB745 /* XCRemoteSwiftPackageReference "SDWebImageSwiftUI" */,
			);
			productRefGroup = C3B7D26727D39EE500D14CF2 /* Products */;
			projectDirPath = "";
			projectRoot = "";
			targets = (
				C3B7D26527D39EE500D14CF2 /* X-IdleFish */,
			);
		};
/* End PBXProject section */

/* Begin PBXResourcesBuildPhase section */
		C3B7D26427D39EE500D14CF2 /* Resources */ = {
			isa = PBXResourcesBuildPhase;
			buildActionMask = 2147483647;
			files = (
				C3B7D28027D4719D00D14CF2 /* tabbar_animation.gif in Resources */,
				C3B7D27127D39EE600D14CF2 /* Preview Assets.xcassets in Resources */,
				C3B7D27E27D4719D00D14CF2 /* hud_wait.gif in Resources */,
				C3B7D27F27D4719D00D14CF2 /* home_sign.gif in Resources */,
				C3B7D26E27D39EE600D14CF2 /* Assets.xcassets in Resources */,
			);
			runOnlyForDeploymentPostprocessing = 0;
		};
/* End PBXResourcesBuildPhase section */

/* Begin PBXSourcesBuildPhase section */
		C3B7D26227D39EE500D14CF2 /* Sources */ = {
			isa = PBXSourcesBuildPhase;
			buildActionMask = 2147483647;
			files = (
				C3BA43BB27D4D1D200AEB745 /* MessageView.swift in Sources */,
				C3EE405527E0BC2C00B73A3B /* SearchResultView.swift in Sources */,
				C3EE405227E0B90600B73A3B /* CustomTabBarViewModel.swift in Sources */,
				C3DC230227D5FE6C005412D8 /* HomeViewModel.swift in Sources */,
				C378EFCB27D63D7C002940F4 /* LocationManager.swift in Sources */,
				C3B7D27927D3A15E00D14CF2 /* CustomTabBarView.swift in Sources */,
				C3BA43B927D4D1BF00AEB745 /* NicePlayView.swift in Sources */,
				C3BA43BD27D4D1E300AEB745 /* MineView.swift in Sources */,
				C3ED6A9927D8D41D003B9C97 /* HomeSearcHotKeywordView.swift in Sources */,
				C3BA43B727D4D19600AEB745 /* HomeView.swift in Sources */,
				C3DC22FF27D5F966005412D8 /* HomeNavView.swift in Sources */,
				C3B7D26C27D39EE500D14CF2 /* ContentView.swift in Sources */,
				C3B7D26A27D39EE500D14CF2 /* X_IdleFishApp.swift in Sources */,
				C387C2C227D64A7900398DF0 /* DEBUG.swift in Sources */,
			);
			runOnlyForDeploymentPostprocessing = 0;
		};
/* End PBXSourcesBuildPhase section */

/* Begin XCBuildConfiguration section */
		C3B7D27227D39EE600D14CF2 /* Debug */ = {
			isa = XCBuildConfiguration;
			buildSettings = {
				ALWAYS_SEARCH_USER_PATHS = NO;
				CLANG_ANALYZER_NONNULL = YES;
				CLANG_ANALYZER_NUMBER_OBJECT_CONVERSION = YES_AGGRESSIVE;
				CLANG_CXX_LANGUAGE_STANDARD = "gnu++17";
				CLANG_CXX_LIBRARY = "libc++";
				CLANG_ENABLE_MODULES = YES;
				CLANG_ENABLE_OBJC_ARC = YES;
				CLANG_ENABLE_OBJC_WEAK = YES;
				CLANG_WARN_BLOCK_CAPTURE_AUTORELEASING = YES;
				CLANG_WARN_BOOL_CONVERSION = YES;
				CLANG_WARN_COMMA = YES;
				CLANG_WARN_CONSTANT_CONVERSION = YES;
				CLANG_WARN_DEPRECATED_OBJC_IMPLEMENTATIONS = YES;
				CLANG_WARN_DIRECT_OBJC_ISA_USAGE = YES_ERROR;
				CLANG_WARN_DOCUMENTATION_COMMENTS = YES;
				CLANG_WARN_EMPTY_BODY = YES;
				CLANG_WARN_ENUM_CONVERSION = YES;
				CLANG_WARN_INFINITE_RECURSION = YES;
				CLANG_WARN_INT_CONVERSION = YES;
				CLANG_WARN_NON_LITERAL_NULL_CONVERSION = YES;
				CLANG_WARN_OBJC_IMPLICIT_RETAIN_SELF = YES;
				CLANG_WARN_OBJC_LITERAL_CONVERSION = YES;
				CLANG_WARN_OBJC_ROOT_CLASS = YES_ERROR;
				CLANG_WARN_QUOTED_INCLUDE_IN_FRAMEWORK_HEADER = YES;
				CLANG_WARN_RANGE_LOOP_ANALYSIS = YES;
				CLANG_WARN_STRICT_PROTOTYPES = YES;
				CLANG_WARN_SUSPICIOUS_MOVE = YES;
				CLANG_WARN_UNGUARDED_AVAILABILITY = YES_AGGRESSIVE;
				CLANG_WARN_UNREACHABLE_CODE = YES;
				CLANG_WARN__DUPLICATE_METHOD_MATCH = YES;
				COPY_PHASE_STRIP = NO;
				DEBUG_INFORMATION_FORMAT = dwarf;
				ENABLE_STRICT_OBJC_MSGSEND = YES;
				ENABLE_TESTABILITY = YES;
				GCC_C_LANGUAGE_STANDARD = gnu11;
				GCC_DYNAMIC_NO_PIC = NO;
				GCC_NO_COMMON_BLOCKS = YES;
				GCC_OPTIMIZATION_LEVEL = 0;
				GCC_PREPROCESSOR_DEFINITIONS = (
					"DEBUG=1",
					"$(inherited)",
				);
				GCC_WARN_64_TO_32_BIT_CONVERSION = YES;
				GCC_WARN_ABOUT_RETURN_TYPE = YES_ERROR;
				GCC_WARN_UNDECLARED_SELECTOR = YES;
				GCC_WARN_UNINITIALIZED_AUTOS = YES_AGGRESSIVE;
				GCC_WARN_UNUSED_FUNCTION = YES;
				GCC_WARN_UNUSED_VARIABLE = YES;
				IPHONEOS_DEPLOYMENT_TARGET = 15.4;
				MTL_ENABLE_DEBUG_INFO = INCLUDE_SOURCE;
				MTL_FAST_MATH = YES;
				ONLY_ACTIVE_ARCH = YES;
				SDKROOT = iphoneos;
				SWIFT_ACTIVE_COMPILATION_CONDITIONS = DEBUG;
				SWIFT_OPTIMIZATION_LEVEL = "-Onone";
			};
			name = Debug;
		};
		C3B7D27327D39EE600D14CF2 /* Release */ = {
			isa = XCBuildConfiguration;
			buildSettings = {
				ALWAYS_SEARCH_USER_PATHS = NO;
				CLANG_ANALYZER_NONNULL = YES;
				CLANG_ANALYZER_NUMBER_OBJECT_CONVERSION = YES_AGGRESSIVE;
				CLANG_CXX_LANGUAGE_STANDARD = "gnu++17";
				CLANG_CXX_LIBRARY = "libc++";
				CLANG_ENABLE_MODULES = YES;
				CLANG_ENABLE_OBJC_ARC = YES;
				CLANG_ENABLE_OBJC_WEAK = YES;
				CLANG_WARN_BLOCK_CAPTURE_AUTORELEASING = YES;
				CLANG_WARN_BOOL_CONVERSION = YES;
				CLANG_WARN_COMMA = YES;
				CLANG_WARN_CONSTANT_CONVERSION = YES;
				CLANG_WARN_DEPRECATED_OBJC_IMPLEMENTATIONS = YES;
				CLANG_WARN_DIRECT_OBJC_ISA_USAGE = YES_ERROR;
				CLANG_WARN_DOCUMENTATION_COMMENTS = YES;
				CLANG_WARN_EMPTY_BODY = YES;
				CLANG_WARN_ENUM_CONVERSION = YES;
				CLANG_WARN_INFINITE_RECURSION = YES;
				CLANG_WARN_INT_CONVERSION = YES;
				CLANG_WARN_NON_LITERAL_NULL_CONVERSION = YES;
				CLANG_WARN_OBJC_IMPLICIT_RETAIN_SELF = YES;
				CLANG_WARN_OBJC_LITERAL_CONVERSION = YES;
				CLANG_WARN_OBJC_ROOT_CLASS = YES_ERROR;
				CLANG_WARN_QUOTED_INCLUDE_IN_FRAMEWORK_HEADER = YES;
				CLANG_WARN_RANGE_LOOP_ANALYSIS = YES;
				CLANG_WARN_STRICT_PROTOTYPES = YES;
				CLANG_WARN_SUSPICIOUS_MOVE = YES;
				CLANG_WARN_UNGUARDED_AVAILABILITY = YES_AGGRESSIVE;
				CLANG_WARN_UNREACHABLE_CODE = YES;
				CLANG_WARN__DUPLICATE_METHOD_MATCH = YES;
				COPY_PHASE_STRIP = NO;
				DEBUG_INFORMATION_FORMAT = "dwarf-with-dsym";
				ENABLE_NS_ASSERTIONS = NO;
				ENABLE_STRICT_OBJC_MSGSEND = YES;
				GCC_C_LANGUAGE_STANDARD = gnu11;
				GCC_NO_COMMON_BLOCKS = YES;
				GCC_WARN_64_TO_32_BIT_CONVERSION = YES;
				GCC_WARN_ABOUT_RETURN_TYPE = YES_ERROR;
				GCC_WARN_UNDECLARED_SELECTOR = YES;
				GCC_WARN_UNINITIALIZED_AUTOS = YES_AGGRESSIVE;
				GCC_WARN_UNUSED_FUNCTION = YES;
				GCC_WARN_UNUSED_VARIABLE = YES;
				IPHONEOS_DEPLOYMENT_TARGET = 15.4;
				MTL_ENABLE_DEBUG_INFO = NO;
				MTL_FAST_MATH = YES;
				SDKROOT = iphoneos;
				SWIFT_COMPILATION_MODE = wholemodule;
				SWIFT_OPTIMIZATION_LEVEL = "-O";
				VALIDATE_PRODUCT = YES;
			};
			name = Release;
		};
		C3B7D27527D39EE600D14CF2 /* Debug */ = {
			isa = XCBuildConfiguration;
			buildSettings = {
				ASSETCATALOG_COMPILER_APPICON_NAME = AppIcon;
				ASSETCATALOG_COMPILER_GLOBAL_ACCENT_COLOR_NAME = AccentColor;
				CODE_SIGN_IDENTITY = "Apple Development";
				CODE_SIGN_STYLE = Automatic;
				CURRENT_PROJECT_VERSION = 1;
				DEVELOPMENT_ASSET_PATHS = "\"X-IdleFish/Preview Content\"";
				DEVELOPMENT_TEAM = ZD8RCDB2Y6;
				ENABLE_PREVIEWS = YES;
				GENERATE_INFOPLIST_FILE = YES;
				INFOPLIST_FILE = "X-IdleFish/Info.plist";
				INFOPLIST_KEY_NSLocationAlwaysAndWhenInUseUsageDescription = "允许定位";
				INFOPLIST_KEY_NSLocationAlwaysUsageDescription = "允许定位";
				INFOPLIST_KEY_NSLocationWhenInUseUsageDescription = "允许定位啊";
				INFOPLIST_KEY_UIApplicationSupportsIndirectInputEvents = YES;
				INFOPLIST_KEY_UISupportedInterfaceOrientations_iPhone = "UIInterfaceOrientationPortrait UIInterfaceOrientationLandscapeLeft UIInterfaceOrientationLandscapeRight";
				LD_RUNPATH_SEARCH_PATHS = (
					"$(inherited)",
					"@executable_path/Frameworks",
				);
				MARKETING_VERSION = 1.0;
				PRODUCT_BUNDLE_IDENTIFIER = xxxtest.cnhh;
				PRODUCT_NAME = "$(TARGET_NAME)";
				PROVISIONING_PROFILE_SPECIFIER = "";
				SWIFT_EMIT_LOC_STRINGS = YES;
				SWIFT_VERSION = 5.0;
				TARGETED_DEVICE_FAMILY = "1,2";
			};
			name = Debug;
		};
		C3B7D27627D39EE600D14CF2 /* Release */ = {
			isa = XCBuildConfiguration;
			buildSettings = {
				ASSETCATALOG_COMPILER_APPICON_NAME = AppIcon;
				ASSETCATALOG_COMPILER_GLOBAL_ACCENT_COLOR_NAME = AccentColor;
				CODE_SIGN_IDENTITY = "Apple Development";
				CODE_SIGN_STYLE = Automatic;
				CURRENT_PROJECT_VERSION = 1;
				DEVELOPMENT_ASSET_PATHS = "\"X-IdleFish/Preview Content\"";
				DEVELOPMENT_TEAM = ZD8RCDB2Y6;
				ENABLE_PREVIEWS = YES;
				GENERATE_INFOPLIST_FILE = YES;
				INFOPLIST_FILE = "X-IdleFish/Info.plist";
				INFOPLIST_KEY_NSLocationAlwaysAndWhenInUseUsageDescription = "允许定位";
				INFOPLIST_KEY_NSLocationAlwaysUsageDescription = "允许定位";
				INFOPLIST_KEY_NSLocationWhenInUseUsageDescription = "允许定位啊";
				INFOPLIST_KEY_UIApplicationSupportsIndirectInputEvents = YES;
				INFOPLIST_KEY_UISupportedInterfaceOrientations_iPhone = "UIInterfaceOrientationPortrait UIInterfaceOrientationLandscapeLeft UIInterfaceOrientationLandscapeRight";
				LD_RUNPATH_SEARCH_PATHS = (
					"$(inherited)",
					"@executable_path/Frameworks",
				);
				MARKETING_VERSION = 1.0;
				PRODUCT_BUNDLE_IDENTIFIER = xxxtest.cnhh;
				PRODUCT_NAME = "$(TARGET_NAME)";
				PROVISIONING_PROFILE_SPECIFIER = "";
				SWIFT_EMIT_LOC_STRINGS = YES;
				SWIFT_VERSION = 5.0;
				TARGETED_DEVICE_FAMILY = "1,2";
			};
			name = Release;
		};
/* End XCBuildConfiguration section */

/* Begin XCConfigurationList section */
		C3B7D26127D39EE500D14CF2 /* Build configuration list for PBXProject "X-IdleFish" */ = {
			isa = XCConfigurationList;
			buildConfigurations = (
				C3B7D27227D39EE600D14CF2 /* Debug */,
				C3B7D27327D39EE600D14CF2 /* Release */,
			);
			defaultConfigurationIsVisible = 0;
			defaultConfigurationName = Release;
		};
		C3B7D27427D39EE600D14CF2 /* Build configuration list for PBXNativeTarget "X-IdleFish" */ = {
			isa = XCConfigurationList;
			buildConfigurations = (
				C3B7D27527D39EE600D14CF2 /* Debug */,
				C3B7D27627D39EE600D14CF2 /* Release */,
			);
			defaultConfigurationIsVisible = 0;
			defaultConfigurationName = Release;
		};
/* End XCConfigurationList section */

/* Begin XCRemoteSwiftPackageReference section */
		C3BA43AE27D47A0000AEB745 /* XCRemoteSwiftPackageReference "SDWebImageSwiftUI" */ = {
			isa = XCRemoteSwiftPackageReference;
			repositoryURL = "https://github.com/SDWebImage/SDWebImageSwiftUI.git";
			requirement = {
				kind = upToNextMajorVersion;
				minimumVersion = 2.0.0;
			};
		};
/* End XCRemoteSwiftPackageReference section */

/* Begin XCSwiftPackageProductDependency section */
		C3BA43AF27D47A0100AEB745 /* SDWebImageSwiftUI */ = {
			isa = XCSwiftPackageProductDependency;
			package = C3BA43AE27D47A0000AEB745 /* XCRemoteSwiftPackageReference "SDWebImageSwiftUI" */;
			productName = SDWebImageSwiftUI;
		};
/* End XCSwiftPackageProductDependency section */
	};
	rootObject = C3B7D25E27D39EE500D14CF2 /* Project object */;
}
